<Solution>
  <Folder Name="/aspire/">
    <Project Path="aspire/Vix.AppHost/Vix.AppHost.csproj" />
    <Project Path="aspire/Vix.ServiceDefaults/Vix.ServiceDefaults.csproj" />
  </Folder>
  <Folder Name="/src/">
    <Project Path="src/NewVixSmart.Web/NewVixSmart.Web.csproj" />
  </Folder>
  <Folder Name="/tests/">
    <Project Path="tests/NewVixSmart.Web.Tests/NewVixSmart.Web.Tests.csproj" />
  </Folder>
</Solution>
